
Microsoft Visual Studio Solution File, Format Version 12.00
# Visual Studio Version 17
VisualStudioVersion = 17.13.35818.85
MinimumVisualStudioVersion = 10.0.40219.1
Project("{FAE04EC0-301F-11D3-BF4B-00C04F79EFBC}") = "FirmaCurierat", "FirmaCurierat\FirmaCurierat.csproj", "{FED68FC5-8FA6-4F99-9AA6-3C6E6031BF1E}"
EndProject
Project("{FAE04EC0-301F-11D3-BF4B-00C04F79EFBC}") = "NivelStocareDate", "NivelStocareDate\NivelStocareDate.csproj", "{866F6D5B-288B-45B0-A124-D2B357F3CEAE}"
EndProject
Project("{FAE04EC0-301F-11D3-BF4B-00C04F79EFBC}") = "LibrarieModele", "LibrarieModele\LibrarieModele.csproj", "{1360B449-8841-4545-8B9F-131AFB4CD3D1}"
EndProject
Project("{FAE04EC0-301F-11D3-BF4B-00C04F79EFBC}") = "FirmaCurierat_UI_WindowsForms", "FirmaCurierat_UI_WindowsForms\FirmaCurierat_UI_WindowsForms.csproj", "{76E9B7FD-B9AC-4C28-AF72-597938A9F537}"
EndProject
Global
	GlobalSection(SolutionConfigurationPlatforms) = preSolution
		Debug|Any CPU = Debug|Any CPU
		Release|Any CPU = Release|Any CPU
	EndGlobalSection
	GlobalSection(ProjectConfigurationPlatforms) = postSolution
		{FED68FC5-8FA6-4F99-9AA6-3C6E6031BF1E}.Debug|Any CPU.ActiveCfg = Debug|Any CPU
		{FED68FC5-8FA6-4F99-9AA6-3C6E6031BF1E}.Debug|Any CPU.Build.0 = Debug|Any CPU
		{FED68FC5-8FA6-4F99-9AA6-3C6E6031BF1E}.Release|Any CPU.ActiveCfg = Release|Any CPU
		{FED68FC5-8FA6-4F99-9AA6-3C6E6031BF1E}.Release|Any CPU.Build.0 = Release|Any CPU
		{866F6D5B-288B-45B0-A124-D2B357F3CEAE}.Debug|Any CPU.ActiveCfg = Debug|Any CPU
		{866F6D5B-288B-45B0-A124-D2B357F3CEAE}.Debug|Any CPU.Build.0 = Debug|Any CPU
		{866F6D5B-288B-45B0-A124-D2B357F3CEAE}.Release|Any CPU.ActiveCfg = Release|Any CPU
		{866F6D5B-288B-45B0-A124-D2B357F3CEAE}.Release|Any CPU.Build.0 = Release|Any CPU
		{1360B449-8841-4545-8B9F-131AFB4CD3D1}.Debug|Any CPU.ActiveCfg = Debug|Any CPU
		{1360B449-8841-4545-8B9F-131AFB4CD3D1}.Debug|Any CPU.Build.0 = Debug|Any CPU
		{1360B449-8841-4545-8B9F-131AFB4CD3D1}.Release|Any CPU.ActiveCfg = Release|Any CPU
		{1360B449-8841-4545-8B9F-131AFB4CD3D1}.Release|Any CPU.Build.0 = Release|Any CPU
		{76E9B7FD-B9AC-4C28-AF72-597938A9F537}.Debug|Any CPU.ActiveCfg = Debug|Any CPU
		{76E9B7FD-B9AC-4C28-AF72-597938A9F537}.Debug|Any CPU.Build.0 = Debug|Any CPU
		{76E9B7FD-B9AC-4C28-AF72-597938A9F537}.Release|Any CPU.ActiveCfg = Release|Any CPU
		{76E9B7FD-B9AC-4C28-AF72-597938A9F537}.Release|Any CPU.Build.0 = Release|Any CPU
	EndGlobalSection
	GlobalSection(SolutionProperties) = preSolution
		HideSolutionNode = FALSE
	EndGlobalSection
	GlobalSection(ExtensibilityGlobals) = postSolution
		SolutionGuid = {876D32D5-DA8A-422D-B7D7-C7BFFB5A13B4}
	EndGlobalSection
EndGlobal
